
Microsoft Visual Studio Solution File, Format Version 12.00
# Visual Studio Version 16
VisualStudioVersion = 16.0.32929.386
MinimumVisualStudioVersion = 10.0.40219.1
Project("{FAE04EC0-301F-11D3-BF4B-00C04F79EFBC}") = "Console-CRUD", "Console-CRUD\Console-CRUD.csproj", "{13E58D0E-53DB-4786-90DE-498F37608C09}"
EndProject
Global
	GlobalSection(SolutionConfigurationPlatforms) = preSolution
		Debug|Any CPU = Debug|Any CPU
		Release|Any CPU = Release|Any CPU
	EndGlobalSection
	GlobalSection(ProjectConfigurationPlatforms) = postSolution
		{13E58D0E-53DB-4786-90DE-498F37608C09}.Debug|Any CPU.ActiveCfg = Debug|Any CPU
		{13E58D0E-53DB-4786-90DE-498F37608C09}.Debug|Any CPU.Build.0 = Debug|Any CPU
		{13E58D0E-53DB-4786-90DE-498F37608C09}.Release|Any CPU.ActiveCfg = Release|Any CPU
		{13E58D0E-53DB-4786-90DE-498F37608C09}.Release|Any CPU.Build.0 = Release|Any CPU
	EndGlobalSection
	GlobalSection(SolutionProperties) = preSolution
		HideSolutionNode = FALSE
	EndGlobalSection
	GlobalSection(ExtensibilityGlobals) = postSolution
		SolutionGuid = {0E760A05-1D31-4A6D-9175-1FA78E2C550F}
	EndGlobalSection
EndGlobal
